
Microsoft Visual Studio Solution File, Format Version 12.00
# Visual Studio 15
VisualStudioVersion = 15.0.28307.2092
MinimumVisualStudioVersion = 10.0.40219.1
Project("{FAE04EC0-301F-11D3-BF4B-00C04F79EFBC}") = "TRANCONGTRI_IS385_4181", "TRANCONGTRI_IS385_4181\TRANCONGTRI_IS385_4181.csproj", "{DD9CF9BC-EDFF-4365-B70B-4E63F07694DE}"
EndProject
Global
	GlobalSection(SolutionConfigurationPlatforms) = preSolution
		Debug|Any CPU = Debug|Any CPU
		Release|Any CPU = Release|Any CPU
	EndGlobalSection
	GlobalSection(ProjectConfigurationPlatforms) = postSolution
		{DD9CF9BC-EDFF-4365-B70B-4E63F07694DE}.Debug|Any CPU.ActiveCfg = Debug|Any CPU
		{DD9CF9BC-EDFF-4365-B70B-4E63F07694DE}.Debug|Any CPU.Build.0 = Debug|Any CPU
		{DD9CF9BC-EDFF-4365-B70B-4E63F07694DE}.Release|Any CPU.ActiveCfg = Release|Any CPU
		{DD9CF9BC-EDFF-4365-B70B-4E63F07694DE}.Release|Any CPU.Build.0 = Release|Any CPU
	EndGlobalSection
	GlobalSection(SolutionProperties) = preSolution
		HideSolutionNode = FALSE
	EndGlobalSection
	GlobalSection(ExtensibilityGlobals) = postSolution
		SolutionGuid = {51D2036C-6753-49A4-B937-DB7DE92012E9}
	EndGlobalSection
EndGlobal
